
Microsoft Visual Studio Solution File, Format Version 11.00
# Visual Studio 2010
Project("{FAE04EC0-301F-11D3-BF4B-00C04F79EFBC}") = "NamedPipeTest", "NamedPipeTest\NamedPipeTest.csproj", "{A93979B2-DAD1-4C55-ACCE-DF8B6EDCD3D5}"
EndProject
Global
	GlobalSection(SolutionConfigurationPlatforms) = preSolution
		Debug|x86 = Debug|x86
		Release|x86 = Release|x86
	EndGlobalSection
	GlobalSection(ProjectConfigurationPlatforms) = postSolution
		{A93979B2-DAD1-4C55-ACCE-DF8B6EDCD3D5}.Debug|x86.ActiveCfg = Debug|x86
		{A93979B2-DAD1-4C55-ACCE-DF8B6EDCD3D5}.Debug|x86.Build.0 = Debug|x86
		{A93979B2-DAD1-4C55-ACCE-DF8B6EDCD3D5}.Release|x86.ActiveCfg = Release|x86
		{A93979B2-DAD1-4C55-ACCE-DF8B6EDCD3D5}.Release|x86.Build.0 = Release|x86
	EndGlobalSection
	GlobalSection(SolutionProperties) = preSolution
		HideSolutionNode = FALSE
	EndGlobalSection
EndGlobal
